
Microsoft Visual Studio Solution File, Format Version 12.00
# Visual Studio 15
VisualStudioVersion = 15.0.26124.0
MinimumVisualStudioVersion = 15.0.26124.0
Project("{FAE04EC0-301F-11D3-BF4B-00C04F79EFBC}") = "VehicleWebAPI.DAL", "VehicleWebAPI.DAL\VehicleWebAPI.DAL.csproj", "{7928CC18-5AD1-4FD6-93F3-4D92D03593CB}"
EndProject
Project("{FAE04EC0-301F-11D3-BF4B-00C04F79EFBC}") = "VehicleWebAPI.Common", "VehicleWebAPI.Common\VehicleWebAPI.Common.csproj", "{6F75169F-62B4-4A7B-882C-DEBB11AAF905}"
EndProject
Project("{FAE04EC0-301F-11D3-BF4B-00C04F79EFBC}") = "VehicleWebAPI.Model.Common", "VehicleWebAPI.Model.Common\VehicleWebAPI.Model.Common.csproj", "{1D06C789-F63D-4179-82D7-D60E62B3A6D1}"
EndProject
Project("{FAE04EC0-301F-11D3-BF4B-00C04F79EFBC}") = "VehicleWebAPI.Model", "VehicleWebAPI.Model\VehicleWebAPI.Model.csproj", "{47433372-B394-4870-881C-45F1BEA6BA7C}"
EndProject
Project("{FAE04EC0-301F-11D3-BF4B-00C04F79EFBC}") = "VehicleWebAPI.Repository.Common", "VehicleWebAPI.Repository.Common\VehicleWebAPI.Repository.Common.csproj", "{971F64CD-47A7-46BB-BE37-F50123C3CDEB}"
EndProject
Project("{FAE04EC0-301F-11D3-BF4B-00C04F79EFBC}") = "VehicleWebAPI.Repository", "VehicleWebAPI.Repository\VehicleWebAPI.Repository.csproj", "{817B0365-2637-4ED0-8991-6FAF65DE59FC}"
EndProject
Project("{FAE04EC0-301F-11D3-BF4B-00C04F79EFBC}") = "VehicleWebAPI.Repository.Tests", "VehicleWebAPI.Repository.Tests\VehicleWebAPI.Repository.Tests.csproj", "{8FC859A6-45BF-4223-9089-C0CC80885E20}"
EndProject
Project("{FAE04EC0-301F-11D3-BF4B-00C04F79EFBC}") = "VehicleWebAPI.Service.Common", "VehicleWebAPI.Service.Common\VehicleWebAPI.Service.Common.csproj", "{7C981A31-8BBC-4C39-8164-FC79C62464A6}"
EndProject
Project("{FAE04EC0-301F-11D3-BF4B-00C04F79EFBC}") = "VehicleWebAPI.Service", "VehicleWebAPI.Service\VehicleWebAPI.Service.csproj", "{8E523727-05CA-45A4-836C-F12FB3AE7301}"
EndProject
Project("{FAE04EC0-301F-11D3-BF4B-00C04F79EFBC}") = "VehicleWebAPI.Service.Tests", "VehicleWebAPI.Service.Tests\VehicleWebAPI.Service.Tests.csproj", "{FCD746F7-24A9-4C5D-B29A-34E0B0D4EEA4}"
EndProject
Project("{FAE04EC0-301F-11D3-BF4B-00C04F79EFBC}") = "VehicleWebAPI.WebAPI", "VehicleWebAPI.WebAPI\VehicleWebAPI.WebAPI.csproj", "{666ECCD9-7BE5-4EF5-9BF7-FE50BB58823B}"
EndProject
Project("{FAE04EC0-301F-11D3-BF4B-00C04F79EFBC}") = "VehicleWebAPI.WebAPI.Tests", "VehicleWebAPI.WebAPI.Tests\VehicleWebAPI.WebAPI.Tests.csproj", "{CAC84AB6-00B8-4091-986A-5B0B3E85EBAC}"
EndProject
Global
	GlobalSection(SolutionProperties) = preSolution
		HideSolutionNode = FALSE
	EndGlobalSection
	GlobalSection(SolutionConfigurationPlatforms) = preSolution
		Debug|Any CPU = Debug|Any CPU
		Debug|x64 = Debug|x64
		Debug|x86 = Debug|x86
		Release|Any CPU = Release|Any CPU
		Release|x64 = Release|x64
		Release|x86 = Release|x86
	EndGlobalSection
	GlobalSection(ProjectConfigurationPlatforms) = postSolution
		{7928CC18-5AD1-4FD6-93F3-4D92D03593CB}.Debug|Any CPU.ActiveCfg = Debug|Any CPU
		{7928CC18-5AD1-4FD6-93F3-4D92D03593CB}.Debug|Any CPU.Build.0 = Debug|Any CPU
		{7928CC18-5AD1-4FD6-93F3-4D92D03593CB}.Debug|x64.ActiveCfg = Debug|Any CPU
		{7928CC18-5AD1-4FD6-93F3-4D92D03593CB}.Debug|x64.Build.0 = Debug|Any CPU
		{7928CC18-5AD1-4FD6-93F3-4D92D03593CB}.Debug|x86.ActiveCfg = Debug|Any CPU
		{7928CC18-5AD1-4FD6-93F3-4D92D03593CB}.Debug|x86.Build.0 = Debug|Any CPU
		{7928CC18-5AD1-4FD6-93F3-4D92D03593CB}.Release|Any CPU.ActiveCfg = Release|Any CPU
		{7928CC18-5AD1-4FD6-93F3-4D92D03593CB}.Release|Any CPU.Build.0 = Release|Any CPU
		{7928CC18-5AD1-4FD6-93F3-4D92D03593CB}.Release|x64.ActiveCfg = Release|Any CPU
		{7928CC18-5AD1-4FD6-93F3-4D92D03593CB}.Release|x64.Build.0 = Release|Any CPU
		{7928CC18-5AD1-4FD6-93F3-4D92D03593CB}.Release|x86.ActiveCfg = Release|Any CPU
		{7928CC18-5AD1-4FD6-93F3-4D92D03593CB}.Release|x86.Build.0 = Release|Any CPU
		{6F75169F-62B4-4A7B-882C-DEBB11AAF905}.Debug|Any CPU.ActiveCfg = Debug|Any CPU
		{6F75169F-62B4-4A7B-882C-DEBB11AAF905}.Debug|Any CPU.Build.0 = Debug|Any CPU
		{6F75169F-62B4-4A7B-882C-DEBB11AAF905}.Debug|x64.ActiveCfg = Debug|Any CPU
		{6F75169F-62B4-4A7B-882C-DEBB11AAF905}.Debug|x64.Build.0 = Debug|Any CPU
		{6F75169F-62B4-4A7B-882C-DEBB11AAF905}.Debug|x86.ActiveCfg = Debug|Any CPU
		{6F75169F-62B4-4A7B-882C-DEBB11AAF905}.Debug|x86.Build.0 = Debug|Any CPU
		{6F75169F-62B4-4A7B-882C-DEBB11AAF905}.Release|Any CPU.ActiveCfg = Release|Any CPU
		{6F75169F-62B4-4A7B-882C-DEBB11AAF905}.Release|Any CPU.Build.0 = Release|Any CPU
		{6F75169F-62B4-4A7B-882C-DEBB11AAF905}.Release|x64.ActiveCfg = Release|Any CPU
		{6F75169F-62B4-4A7B-882C-DEBB11AAF905}.Release|x64.Build.0 = Release|Any CPU
		{6F75169F-62B4-4A7B-882C-DEBB11AAF905}.Release|x86.ActiveCfg = Release|Any CPU
		{6F75169F-62B4-4A7B-882C-DEBB11AAF905}.Release|x86.Build.0 = Release|Any CPU
		{1D06C789-F63D-4179-82D7-D60E62B3A6D1}.Debug|Any CPU.ActiveCfg = Debug|Any CPU
		{1D06C789-F63D-4179-82D7-D60E62B3A6D1}.Debug|Any CPU.Build.0 = Debug|Any CPU
		{1D06C789-F63D-4179-82D7-D60E62B3A6D1}.Debug|x64.ActiveCfg = Debug|Any CPU
		{1D06C789-F63D-4179-82D7-D60E62B3A6D1}.Debug|x64.Build.0 = Debug|Any CPU
		{1D06C789-F63D-4179-82D7-D60E62B3A6D1}.Debug|x86.ActiveCfg = Debug|Any CPU
		{1D06C789-F63D-4179-82D7-D60E62B3A6D1}.Debug|x86.Build.0 = Debug|Any CPU
		{1D06C789-F63D-4179-82D7-D60E62B3A6D1}.Release|Any CPU.ActiveCfg = Release|Any CPU
		{1D06C789-F63D-4179-82D7-D60E62B3A6D1}.Release|Any CPU.Build.0 = Release|Any CPU
		{1D06C789-F63D-4179-82D7-D60E62B3A6D1}.Release|x64.ActiveCfg = Release|Any CPU
		{1D06C789-F63D-4179-82D7-D60E62B3A6D1}.Release|x64.Build.0 = Release|Any CPU
		{1D06C789-F63D-4179-82D7-D60E62B3A6D1}.Release|x86.ActiveCfg = Release|Any CPU
		{1D06C789-F63D-4179-82D7-D60E62B3A6D1}.Release|x86.Build.0 = Release|Any CPU
		{47433372-B394-4870-881C-45F1BEA6BA7C}.Debug|Any CPU.ActiveCfg = Debug|Any CPU
		{47433372-B394-4870-881C-45F1BEA6BA7C}.Debug|Any CPU.Build.0 = Debug|Any CPU
		{47433372-B394-4870-881C-45F1BEA6BA7C}.Debug|x64.ActiveCfg = Debug|Any CPU
		{47433372-B394-4870-881C-45F1BEA6BA7C}.Debug|x64.Build.0 = Debug|Any CPU
		{47433372-B394-4870-881C-45F1BEA6BA7C}.Debug|x86.ActiveCfg = Debug|Any CPU
		{47433372-B394-4870-881C-45F1BEA6BA7C}.Debug|x86.Build.0 = Debug|Any CPU
		{47433372-B394-4870-881C-45F1BEA6BA7C}.Release|Any CPU.ActiveCfg = Release|Any CPU
		{47433372-B394-4870-881C-45F1BEA6BA7C}.Release|Any CPU.Build.0 = Release|Any CPU
		{47433372-B394-4870-881C-45F1BEA6BA7C}.Release|x64.ActiveCfg = Release|Any CPU
		{47433372-B394-4870-881C-45F1BEA6BA7C}.Release|x64.Build.0 = Release|Any CPU
		{47433372-B394-4870-881C-45F1BEA6BA7C}.Release|x86.ActiveCfg = Release|Any CPU
		{47433372-B394-4870-881C-45F1BEA6BA7C}.Release|x86.Build.0 = Release|Any CPU
		{971F64CD-47A7-46BB-BE37-F50123C3CDEB}.Debug|Any CPU.ActiveCfg = Debug|Any CPU
		{971F64CD-47A7-46BB-BE37-F50123C3CDEB}.Debug|Any CPU.Build.0 = Debug|Any CPU
		{971F64CD-47A7-46BB-BE37-F50123C3CDEB}.Debug|x64.ActiveCfg = Debug|Any CPU
		{971F64CD-47A7-46BB-BE37-F50123C3CDEB}.Debug|x64.Build.0 = Debug|Any CPU
		{971F64CD-47A7-46BB-BE37-F50123C3CDEB}.Debug|x86.ActiveCfg = Debug|Any CPU
		{971F64CD-47A7-46BB-BE37-F50123C3CDEB}.Debug|x86.Build.0 = Debug|Any CPU
		{971F64CD-47A7-46BB-BE37-F50123C3CDEB}.Release|Any CPU.ActiveCfg = Release|Any CPU
		{971F64CD-47A7-46BB-BE37-F50123C3CDEB}.Release|Any CPU.Build.0 = Release|Any CPU
		{971F64CD-47A7-46BB-BE37-F50123C3CDEB}.Release|x64.ActiveCfg = Release|Any CPU
		{971F64CD-47A7-46BB-BE37-F50123C3CDEB}.Release|x64.Build.0 = Release|Any CPU
		{971F64CD-47A7-46BB-BE37-F50123C3CDEB}.Release|x86.ActiveCfg = Release|Any CPU
		{971F64CD-47A7-46BB-BE37-F50123C3CDEB}.Release|x86.Build.0 = Release|Any CPU
		{817B0365-2637-4ED0-8991-6FAF65DE59FC}.Debug|Any CPU.ActiveCfg = Debug|Any CPU
		{817B0365-2637-4ED0-8991-6FAF65DE59FC}.Debug|Any CPU.Build.0 = Debug|Any CPU
		{817B0365-2637-4ED0-8991-6FAF65DE59FC}.Debug|x64.ActiveCfg = Debug|Any CPU
		{817B0365-2637-4ED0-8991-6FAF65DE59FC}.Debug|x64.Build.0 = Debug|Any CPU
		{817B0365-2637-4ED0-8991-6FAF65DE59FC}.Debug|x86.ActiveCfg = Debug|Any CPU
		{817B0365-2637-4ED0-8991-6FAF65DE59FC}.Debug|x86.Build.0 = Debug|Any CPU
		{817B0365-2637-4ED0-8991-6FAF65DE59FC}.Release|Any CPU.ActiveCfg = Release|Any CPU
		{817B0365-2637-4ED0-8991-6FAF65DE59FC}.Release|Any CPU.Build.0 = Release|Any CPU
		{817B0365-2637-4ED0-8991-6FAF65DE59FC}.Release|x64.ActiveCfg = Release|Any CPU
		{817B0365-2637-4ED0-8991-6FAF65DE59FC}.Release|x64.Build.0 = Release|Any CPU
		{817B0365-2637-4ED0-8991-6FAF65DE59FC}.Release|x86.ActiveCfg = Release|Any CPU
		{817B0365-2637-4ED0-8991-6FAF65DE59FC}.Release|x86.Build.0 = Release|Any CPU
		{8FC859A6-45BF-4223-9089-C0CC80885E20}.Debug|Any CPU.ActiveCfg = Debug|Any CPU
		{8FC859A6-45BF-4223-9089-C0CC80885E20}.Debug|Any CPU.Build.0 = Debug|Any CPU
		{8FC859A6-45BF-4223-9089-C0CC80885E20}.Debug|x64.ActiveCfg = Debug|Any CPU
		{8FC859A6-45BF-4223-9089-C0CC80885E20}.Debug|x64.Build.0 = Debug|Any CPU
		{8FC859A6-45BF-4223-9089-C0CC80885E20}.Debug|x86.ActiveCfg = Debug|Any CPU
		{8FC859A6-45BF-4223-9089-C0CC80885E20}.Debug|x86.Build.0 = Debug|Any CPU
		{8FC859A6-45BF-4223-9089-C0CC80885E20}.Release|Any CPU.ActiveCfg = Release|Any CPU
		{8FC859A6-45BF-4223-9089-C0CC80885E20}.Release|Any CPU.Build.0 = Release|Any CPU
		{8FC859A6-45BF-4223-9089-C0CC80885E20}.Release|x64.ActiveCfg = Release|Any CPU
		{8FC859A6-45BF-4223-9089-C0CC80885E20}.Release|x64.Build.0 = Release|Any CPU
		{8FC859A6-45BF-4223-9089-C0CC80885E20}.Release|x86.ActiveCfg = Release|Any CPU
		{8FC859A6-45BF-4223-9089-C0CC80885E20}.Release|x86.Build.0 = Release|Any CPU
		{7C981A31-8BBC-4C39-8164-FC79C62464A6}.Debug|Any CPU.ActiveCfg = Debug|Any CPU
		{7C981A31-8BBC-4C39-8164-FC79C62464A6}.Debug|Any CPU.Build.0 = Debug|Any CPU
		{7C981A31-8BBC-4C39-8164-FC79C62464A6}.Debug|x64.ActiveCfg = Debug|Any CPU
		{7C981A31-8BBC-4C39-8164-FC79C62464A6}.Debug|x64.Build.0 = Debug|Any CPU
		{7C981A31-8BBC-4C39-8164-FC79C62464A6}.Debug|x86.ActiveCfg = Debug|Any CPU
		{7C981A31-8BBC-4C39-8164-FC79C62464A6}.Debug|x86.Build.0 = Debug|Any CPU
		{7C981A31-8BBC-4C39-8164-FC79C62464A6}.Release|Any CPU.ActiveCfg = Release|Any CPU
		{7C981A31-8BBC-4C39-8164-FC79C62464A6}.Release|Any CPU.Build.0 = Release|Any CPU
		{7C981A31-8BBC-4C39-8164-FC79C62464A6}.Release|x64.ActiveCfg = Release|Any CPU
		{7C981A31-8BBC-4C39-8164-FC79C62464A6}.Release|x64.Build.0 = Release|Any CPU
		{7C981A31-8BBC-4C39-8164-FC79C62464A6}.Release|x86.ActiveCfg = Release|Any CPU
		{7C981A31-8BBC-4C39-8164-FC79C62464A6}.Release|x86.Build.0 = Release|Any CPU
		{8E523727-05CA-45A4-836C-F12FB3AE7301}.Debug|Any CPU.ActiveCfg = Debug|Any CPU
		{8E523727-05CA-45A4-836C-F12FB3AE7301}.Debug|Any CPU.Build.0 = Debug|Any CPU
		{8E523727-05CA-45A4-836C-F12FB3AE7301}.Debug|x64.ActiveCfg = Debug|Any CPU
		{8E523727-05CA-45A4-836C-F12FB3AE7301}.Debug|x64.Build.0 = Debug|Any CPU
		{8E523727-05CA-45A4-836C-F12FB3AE7301}.Debug|x86.ActiveCfg = Debug|Any CPU
		{8E523727-05CA-45A4-836C-F12FB3AE7301}.Debug|x86.Build.0 = Debug|Any CPU
		{8E523727-05CA-45A4-836C-F12FB3AE7301}.Release|Any CPU.ActiveCfg = Release|Any CPU
		{8E523727-05CA-45A4-836C-F12FB3AE7301}.Release|Any CPU.Build.0 = Release|Any CPU
		{8E523727-05CA-45A4-836C-F12FB3AE7301}.Release|x64.ActiveCfg = Release|Any CPU
		{8E523727-05CA-45A4-836C-F12FB3AE7301}.Release|x64.Build.0 = Release|Any CPU
		{8E523727-05CA-45A4-836C-F12FB3AE7301}.Release|x86.ActiveCfg = Release|Any CPU
		{8E523727-05CA-45A4-836C-F12FB3AE7301}.Release|x86.Build.0 = Release|Any CPU
		{FCD746F7-24A9-4C5D-B29A-34E0B0D4EEA4}.Debug|Any CPU.ActiveCfg = Debug|Any CPU
		{FCD746F7-24A9-4C5D-B29A-34E0B0D4EEA4}.Debug|Any CPU.Build.0 = Debug|Any CPU
		{FCD746F7-24A9-4C5D-B29A-34E0B0D4EEA4}.Debug|x64.ActiveCfg = Debug|Any CPU
		{FCD746F7-24A9-4C5D-B29A-34E0B0D4EEA4}.Debug|x64.Build.0 = Debug|Any CPU
		{FCD746F7-24A9-4C5D-B29A-34E0B0D4EEA4}.Debug|x86.ActiveCfg = Debug|Any CPU
		{FCD746F7-24A9-4C5D-B29A-34E0B0D4EEA4}.Debug|x86.Build.0 = Debug|Any CPU
		{FCD746F7-24A9-4C5D-B29A-34E0B0D4EEA4}.Release|Any CPU.ActiveCfg = Release|Any CPU
		{FCD746F7-24A9-4C5D-B29A-34E0B0D4EEA4}.Release|Any CPU.Build.0 = Release|Any CPU
		{FCD746F7-24A9-4C5D-B29A-34E0B0D4EEA4}.Release|x64.ActiveCfg = Release|Any CPU
		{FCD746F7-24A9-4C5D-B29A-34E0B0D4EEA4}.Release|x64.Build.0 = Release|Any CPU
		{FCD746F7-24A9-4C5D-B29A-34E0B0D4EEA4}.Release|x86.ActiveCfg = Release|Any CPU
		{FCD746F7-24A9-4C5D-B29A-34E0B0D4EEA4}.Release|x86.Build.0 = Release|Any CPU
		{666ECCD9-7BE5-4EF5-9BF7-FE50BB58823B}.Debug|Any CPU.ActiveCfg = Debug|Any CPU
		{666ECCD9-7BE5-4EF5-9BF7-FE50BB58823B}.Debug|Any CPU.Build.0 = Debug|Any CPU
		{666ECCD9-7BE5-4EF5-9BF7-FE50BB58823B}.Debug|x64.ActiveCfg = Debug|Any CPU
		{666ECCD9-7BE5-4EF5-9BF7-FE50BB58823B}.Debug|x64.Build.0 = Debug|Any CPU
		{666ECCD9-7BE5-4EF5-9BF7-FE50BB58823B}.Debug|x86.ActiveCfg = Debug|Any CPU
		{666ECCD9-7BE5-4EF5-9BF7-FE50BB58823B}.Debug|x86.Build.0 = Debug|Any CPU
		{666ECCD9-7BE5-4EF5-9BF7-FE50BB58823B}.Release|Any CPU.ActiveCfg = Release|Any CPU
		{666ECCD9-7BE5-4EF5-9BF7-FE50BB58823B}.Release|Any CPU.Build.0 = Release|Any CPU
		{666ECCD9-7BE5-4EF5-9BF7-FE50BB58823B}.Release|x64.ActiveCfg = Release|Any CPU
		{666ECCD9-7BE5-4EF5-9BF7-FE50BB58823B}.Release|x64.Build.0 = Release|Any CPU
		{666ECCD9-7BE5-4EF5-9BF7-FE50BB58823B}.Release|x86.ActiveCfg = Release|Any CPU
		{666ECCD9-7BE5-4EF5-9BF7-FE50BB58823B}.Release|x86.Build.0 = Release|Any CPU
		{CAC84AB6-00B8-4091-986A-5B0B3E85EBAC}.Debug|Any CPU.ActiveCfg = Debug|Any CPU
		{CAC84AB6-00B8-4091-986A-5B0B3E85EBAC}.Debug|Any CPU.Build.0 = Debug|Any CPU
		{CAC84AB6-00B8-4091-986A-5B0B3E85EBAC}.Debug|x64.ActiveCfg = Debug|Any CPU
		{CAC84AB6-00B8-4091-986A-5B0B3E85EBAC}.Debug|x64.Build.0 = Debug|Any CPU
		{CAC84AB6-00B8-4091-986A-5B0B3E85EBAC}.Debug|x86.ActiveCfg = Debug|Any CPU
		{CAC84AB6-00B8-4091-986A-5B0B3E85EBAC}.Debug|x86.Build.0 = Debug|Any CPU
		{CAC84AB6-00B8-4091-986A-5B0B3E85EBAC}.Release|Any CPU.ActiveCfg = Release|Any CPU
		{CAC84AB6-00B8-4091-986A-5B0B3E85EBAC}.Release|Any CPU.Build.0 = Release|Any CPU
		{CAC84AB6-00B8-4091-986A-5B0B3E85EBAC}.Release|x64.ActiveCfg = Release|Any CPU
		{CAC84AB6-00B8-4091-986A-5B0B3E85EBAC}.Release|x64.Build.0 = Release|Any CPU
		{CAC84AB6-00B8-4091-986A-5B0B3E85EBAC}.Release|x86.ActiveCfg = Release|Any CPU
		{CAC84AB6-00B8-4091-986A-5B0B3E85EBAC}.Release|x86.Build.0 = Release|Any CPU
	EndGlobalSection
EndGlobal
